PODS:
  - agora_rtc_engine (1.0.13):
    - AgoraRtcEngine_iOS_Crypto (= 2.9.1)
    - Flutter
  - AgoraRtcEngine_iOS_Crypto (2.9.1)
  - Flutter (1.0.0)

DEPENDENCIES:
  - agora_rtc_engine (from `.symlinks/plugins/agora_rtc_engine/ios`)
  - Flutter (from `Flutter`)

SPEC REPOS:
  trunk:
    - AgoraRtcEngine_iOS_Crypto

EXTERNAL SOURCES:
  agora_rtc_engine:
    :path: ".symlinks/plugins/agora_rtc_engine/ios"
  Flutter:
    :path: Flutter

SPEC CHECKSUMS:
  agora_rtc_engine: 4e1678a60aeb2c868cb37181eeb79f9e8788306d
  AgoraRtcEngine_iOS_Crypto: c2bca616406c6dda9ae254d59637a18ba0fae8f0
  Flutter: 0e3d915762c693b495b44d77113d4970485de6ec

PODFILE CHECKSUM: c34e2287a9ccaa606aeceab922830efb9a6ff69a

COCOAPODS: 1.9.1
